
Microsoft Visual Studio Solution File, Format Version 12.00
# Visual Studio Version 17
VisualStudioVersion = 17.3.32811.315
MinimumVisualStudioVersion = 10.0.40219.1
Project("{FAE04EC0-301F-11D3-BF4B-00C04F79EFBC}") = "EXAMPLE_HANGFIRE", "EXAMPLE_HANGFIRE\EXAMPLE_HANGFIRE.csproj", "{B575B6AD-957F-4273-8813-986C040A7264}"
EndProject
Global
	GlobalSection(SolutionConfigurationPlatforms) = preSolution
		Debug|Any CPU = Debug|Any CPU
		Release|Any CPU = Release|Any CPU
	EndGlobalSection
	GlobalSection(ProjectConfigurationPlatforms) = postSolution
		{B575B6AD-957F-4273-8813-986C040A7264}.Debug|Any CPU.ActiveCfg = Debug|Any CPU
		{B575B6AD-957F-4273-8813-986C040A7264}.Debug|Any CPU.Build.0 = Debug|Any CPU
		{B575B6AD-957F-4273-8813-986C040A7264}.Release|Any CPU.ActiveCfg = Release|Any CPU
		{B575B6AD-957F-4273-8813-986C040A7264}.Release|Any CPU.Build.0 = Release|Any CPU
	EndGlobalSection
	GlobalSection(SolutionProperties) = preSolution
		HideSolutionNode = FALSE
	EndGlobalSection
	GlobalSection(ExtensibilityGlobals) = postSolution
		SolutionGuid = {0449945C-72AA-4902-A9C0-7423313C9697}
	EndGlobalSection
EndGlobal
